
Microsoft Visual Studio Solution File, Format Version 12.00
# Visual Studio 15
VisualStudioVersion = 15.0.27703.2000
MinimumVisualStudioVersion = 10.0.40219.1
Project("{FAE04EC0-301F-11D3-BF4B-00C04F79EFBC}") = "MasterPCCLSample", "MasterPCCLSample\MasterPCCLSample.csproj", "{40BF2A8E-9181-49B0-B418-87FDB4E98EC1}"
EndProject
Project("{FAE04EC0-301F-11D3-BF4B-00C04F79EFBC}") = "MasterPCCLSample.Module", "MasterPCCLSample.Module\MasterPCCLSample.Module.csproj", "{49A70618-187F-4043-AA70-DC6A317EC7B1}"
EndProject
Global
	GlobalSection(SolutionConfigurationPlatforms) = preSolution
		Debug|Any CPU = Debug|Any CPU
		Release|Any CPU = Release|Any CPU
	EndGlobalSection
	GlobalSection(ProjectConfigurationPlatforms) = postSolution
		{40BF2A8E-9181-49B0-B418-87FDB4E98EC1}.Debug|Any CPU.ActiveCfg = Debug|Any CPU
		{40BF2A8E-9181-49B0-B418-87FDB4E98EC1}.Debug|Any CPU.Build.0 = Debug|Any CPU
		{40BF2A8E-9181-49B0-B418-87FDB4E98EC1}.Release|Any CPU.ActiveCfg = Release|Any CPU
		{40BF2A8E-9181-49B0-B418-87FDB4E98EC1}.Release|Any CPU.Build.0 = Release|Any CPU
		{49A70618-187F-4043-AA70-DC6A317EC7B1}.Debug|Any CPU.ActiveCfg = Debug|Any CPU
		{49A70618-187F-4043-AA70-DC6A317EC7B1}.Debug|Any CPU.Build.0 = Debug|Any CPU
		{49A70618-187F-4043-AA70-DC6A317EC7B1}.Release|Any CPU.ActiveCfg = Release|Any CPU
		{49A70618-187F-4043-AA70-DC6A317EC7B1}.Release|Any CPU.Build.0 = Release|Any CPU
	EndGlobalSection
	GlobalSection(SolutionProperties) = preSolution
		HideSolutionNode = FALSE
	EndGlobalSection
	GlobalSection(ExtensibilityGlobals) = postSolution
		SolutionGuid = {426D51DD-873A-4DB7-85E7-B177FB96959E}
	EndGlobalSection
EndGlobal
